
Microsoft Visual Studio Solution File, Format Version 12.00
# Visual Studio 15
VisualStudioVersion = 15.0.28307.852
MinimumVisualStudioVersion = 10.0.40219.1
Project("{FAE04EC0-301F-11D3-BF4B-00C04F79EFBC}") = "EmployeeMVC5", "EmployeeMVC5\EmployeeMVC5.csproj", "{8BA029F7-6219-4D86-897F-33CF4BF2A34E}"
EndProject
Global
	GlobalSection(SolutionConfigurationPlatforms) = preSolution
		Debug|Any CPU = Debug|Any CPU
		Release|Any CPU = Release|Any CPU
	EndGlobalSection
	GlobalSection(ProjectConfigurationPlatforms) = postSolution
		{8BA029F7-6219-4D86-897F-33CF4BF2A34E}.Debug|Any CPU.ActiveCfg = Debug|Any CPU
		{8BA029F7-6219-4D86-897F-33CF4BF2A34E}.Debug|Any CPU.Build.0 = Debug|Any CPU
		{8BA029F7-6219-4D86-897F-33CF4BF2A34E}.Release|Any CPU.ActiveCfg = Release|Any CPU
		{8BA029F7-6219-4D86-897F-33CF4BF2A34E}.Release|Any CPU.Build.0 = Release|Any CPU
	EndGlobalSection
	GlobalSection(SolutionProperties) = preSolution
		HideSolutionNode = FALSE
	EndGlobalSection
	GlobalSection(ExtensibilityGlobals) = postSolution
		SolutionGuid = {54D96408-279C-42BD-A7CA-7F603ECD367C}
	EndGlobalSection
EndGlobal
